// !$*UTF8*$!
{
	archiveVersion = 1;
	classes = {
	};
	objectVersion = 46;
	objects = {

/* Begin PBXBuildFile section */
		A901468F1991E1D600D8F2A3 /* BFExerciseViewControllerCell.m in Sources */ = {isa = PBXBuildFile; fileRef = A901468E1991E1D600D8F2A3 /* BFExerciseViewControllerCell.m */; };
		A906453E19A2B08D0085C21A /* BFWorkoutViewControllerCell.m in Sources */ = {isa = PBXBuildFile; fileRef = A906453D19A2B08D0085C21A /* BFWorkoutViewControllerCell.m */; };
		A90645FC19A2CCAE0085C21A /* pie0.png in Resources */ = {isa = PBXBuildFile; fileRef = A90645BE19A2CCAE0085C21A /* pie0.png */; };
		A90645FD19A2CCAE0085C21A /* pie1.png in Resources */ = {isa = PBXBuildFile; fileRef = A90645BF19A2CCAE0085C21A /* pie1.png */; };
		A90645FE19A2CCAE0085C21A /* pie2.png in Resources */ = {isa = PBXBuildFile; fileRef = A90645C019A2CCAE0085C21A /* pie2.png */; };
		A90645FF19A2CCAE0085C21A /* pie3.png in Resources */ = {isa = PBXBuildFile; fileRef = A90645C119A2CCAE0085C21A /* pie3.png */; };
		A906460019A2CCAE0085C21A /* pie4.png in Resources */ = {isa = PBXBuildFile; fileRef = A90645C219A2CCAE0085C21A /* pie4.png */; };
		A906460119A2CCAE0085C21A /* pie5.png in Resources */ = {isa = PBXBuildFile; fileRef = A90645C319A2CCAE0085C21A /* pie5.png */; };
		A906460219A2CCAE0085C21A /* pie6.png in Resources */ = {isa = PBXBuildFile; fileRef = A90645C419A2CCAE0085C21A /* pie6.png */; };
		A906460319A2CCAE0085C21A /* pie7.png in Resources */ = {isa = PBXBuildFile; fileRef = A90645C519A2CCAE0085C21A /* pie7.png */; };
		A906460419A2CCAE0085C21A /* pie8.png in Resources */ = {isa = PBXBuildFile; fileRef = A90645C619A2CCAE0085C21A /* pie8.png */; };
		A906460519A2CCAE0085C21A /* pie9.png in Resources */ = {isa = PBXBuildFile; fileRef = A90645C719A2CCAE0085C21A /* pie9.png */; };
		A906460619A2CCAE0085C21A /* pie10.png in Resources */ = {isa = PBXBuildFile; fileRef = A90645C819A2CCAE0085C21A /* pie10.png */; };
		A906460719A2CCAE0085C21A /* pie11.png in Resources */ = {isa = PBXBuildFile; fileRef = A90645C919A2CCAE0085C21A /* pie11.png */; };
		A906460819A2CCAE0085C21A /* pie12.png in Resources */ = {isa = PBXBuildFile; fileRef = A90645CA19A2CCAE0085C21A /* pie12.png */; };
		A906460919A2CCAE0085C21A /* pie13.png in Resources */ = {isa = PBXBuildFile; fileRef = A90645CB19A2CCAE0085C21A /* pie13.png */; };
		A906460A19A2CCAE0085C21A /* pie14.png in Resources */ = {isa = PBXBuildFile; fileRef = A90645CC19A2CCAE0085C21A /* pie14.png */; };
		A906460B19A2CCAE0085C21A /* pie15.png in Resources */ = {isa = PBXBuildFile; fileRef = A90645CD19A2CCAE0085C21A /* pie15.png */; };
		A906460C19A2CCAE0085C21A /* pie16.png in Resources */ = {isa = PBXBuildFile; fileRef = A90645CE19A2CCAE0085C21A /* pie16.png */; };
		A906460D19A2CCAE0085C21A /* pie17.png in Resources */ = {isa = PBXBuildFile; fileRef = A90645CF19A2CCAE0085C21A /* pie17.png */; };
		A906460E19A2CCAE0085C21A /* pie18.png in Resources */ = {isa = PBXBuildFile; fileRef = A90645D019A2CCAE0085C21A /* pie18.png */; };
		A906460F19A2CCAE0085C21A /* pie19.png in Resources */ = {isa = PBXBuildFile; fileRef = A90645D119A2CCAE0085C21A /* pie19.png */; };
		A906461019A2CCAE0085C21A /* pie20.png in Resources */ = {isa = PBXBuildFile; fileRef = A90645D219A2CCAE0085C21A /* pie20.png */; };
		A906461119A2CCAE0085C21A /* pie21.png in Resources */ = {isa = PBXBuildFile; fileRef = A90645D319A2CCAE0085C21A /* pie21.png */; };
		A906461219A2CCAE0085C21A /* pie22.png in Resources */ = {isa = PBXBuildFile; fileRef = A90645D419A2CCAE0085C21A /* pie22.png */; };
		A906461319A2CCAE0085C21A /* pie23.png in Resources */ = {isa = PBXBuildFile; fileRef = A90645D519A2CCAE0085C21A /* pie23.png */; };
		A906461419A2CCAE0085C21A /* pie24.png in Resources */ = {isa = PBXBuildFile; fileRef = A90645D619A2CCAE0085C21A /* pie24.png */; };
		A906461519A2CCAE0085C21A /* pie25.png in Resources */ = {isa = PBXBuildFile; fileRef = A90645D719A2CCAE0085C21A /* pie25.png */; };
		A906461619A2CCAE0085C21A /* pie26.png in Resources */ = {isa = PBXBuildFile; fileRef = A90645D819A2CCAE0085C21A /* pie26.png */; };
		A906461719A2CCAE0085C21A /* pie27.png in Resources */ = {isa = PBXBuildFile; fileRef = A90645D919A2CCAE0085C21A /* pie27.png */; };
		A906461819A2CCAE0085C21A /* pie28.png in Resources */ = {isa = PBXBuildFile; fileRef = A90645DA19A2CCAE0085C21A /* pie28.png */; };
		A906461919A2CCAE0085C21A /* pie29.png in Resources */ = {isa = PBXBuildFile; fileRef = A90645DB19A2CCAE0085C21A /* pie29.png */; };
		A906461A19A2CCAE0085C21A /* pie30.png in Resources */ = {isa = PBXBuildFile; fileRef = A90645DC19A2CCAE0085C21A /* pie30.png */; };
		A906461B19A2CCAE0085C21A /* pie31.png in Resources */ = {isa = PBXBuildFile; fileRef = A90645DD19A2CCAE0085C21A /* pie31.png */; };
		A906461C19A2CCAE0085C21A /* pie32.png in Resources */ = {isa = PBXBuildFile; fileRef = A90645DE19A2CCAE0085C21A /* pie32.png */; };
		A906461D19A2CCAE0085C21A /* pie33.png in Resources */ = {isa = PBXBuildFile; fileRef = A90645DF19A2CCAE0085C21A /* pie33.png */; };
		A906461E19A2CCAE0085C21A /* pie34.png in Resources */ = {isa = PBXBuildFile; fileRef = A90645E019A2CCAE0085C21A /* pie34.png */; };
		A906461F19A2CCAE0085C21A /* pie35.png in Resources */ = {isa = PBXBuildFile; fileRef = A90645E119A2CCAE0085C21A /* pie35.png */; };
		A906462019A2CCAE0085C21A /* pie36.png in Resources */ = {isa = PBXBuildFile; fileRef = A90645E219A2CCAE0085C21A /* pie36.png */; };
		A906462119A2CCAE0085C21A /* pie37.png in Resources */ = {isa = PBXBuildFile; fileRef = A90645E319A2CCAE0085C21A /* pie37.png */; };
		A906462219A2CCAE0085C21A /* pie38.png in Resources */ = {isa = PBXBuildFile; fileRef = A90645E419A2CCAE0085C21A /* pie38.png */; };
		A906462319A2CCAE0085C21A /* pie39.png in Resources */ = {isa = PBXBuildFile; fileRef = A90645E519A2CCAE0085C21A /* pie39.png */; };
		A906462419A2CCAE0085C21A /* pie40.png in Resources */ = {isa = PBXBuildFile; fileRef = A90645E619A2CCAE0085C21A /* pie40.png */; };
		A906462519A2CCAE0085C21A /* pie41.png in Resources */ = {isa = PBXBuildFile; fileRef = A90645E719A2CCAE0085C21A /* pie41.png */; };
		A906462619A2CCAE0085C21A /* pie42.png in Resources */ = {isa = PBXBuildFile; fileRef = A90645E819A2CCAE0085C21A /* pie42.png */; };
		A906462719A2CCAE0085C21A /* pie43.png in Resources */ = {isa = PBXBuildFile; fileRef = A90645E919A2CCAE0085C21A /* pie43.png */; };
		A906462819A2CCAE0085C21A /* pie44.png in Resources */ = {isa = PBXBuildFile; fileRef = A90645EA19A2CCAE0085C21A /* pie44.png */; };
		A906462919A2CCAE0085C21A /* pie45.png in Resources */ = {isa = PBXBuildFile; fileRef = A90645EB19A2CCAE0085C21A /* pie45.png */; };
		A906462A19A2CCAE0085C21A /* pie46.png in Resources */ = {isa = PBXBuildFile; fileRef = A90645EC19A2CCAE0085C21A /* pie46.png */; };
		A906462B19A2CCAE0085C21A /* pie47.png in Resources */ = {isa = PBXBuildFile; fileRef = A90645ED19A2CCAE0085C21A /* pie47.png */; };
		A906462C19A2CCAE0085C21A /* pie48.png in Resources */ = {isa = PBXBuildFile; fileRef = A90645EE19A2CCAE0085C21A /* pie48.png */; };
		A906462D19A2CCAE0085C21A /* pie49.png in Resources */ = {isa = PBXBuildFile; fileRef = A90645EF19A2CCAE0085C21A /* pie49.png */; };
		A906462E19A2CCAE0085C21A /* pie50.png in Resources */ = {isa = PBXBuildFile; fileRef = A90645F019A2CCAE0085C21A /* pie50.png */; };
		A906462F19A2CCAE0085C21A /* pie51.png in Resources */ = {isa = PBXBuildFile; fileRef = A90645F119A2CCAE0085C21A /* pie51.png */; };
		A906463019A2CCAE0085C21A /* pie52.png in Resources */ = {isa = PBXBuildFile; fileRef = A90645F219A2CCAE0085C21A /* pie52.png */; };
		A906463119A2CCAE0085C21A /* pie53.png in Resources */ = {isa = PBXBuildFile; fileRef = A90645F319A2CCAE0085C21A /* pie53.png */; };
		A906463219A2CCAE0085C21A /* pie54.png in Resources */ = {isa = PBXBuildFile; fileRef = A90645F419A2CCAE0085C21A /* pie54.png */; };
		A906463319A2CCAE0085C21A /* pie55.png in Resources */ = {isa = PBXBuildFile; fileRef = A90645F519A2CCAE0085C21A /* pie55.png */; };
		A906463419A2CCAE0085C21A /* pie56.png in Resources */ = {isa = PBXBuildFile; fileRef = A90645F619A2CCAE0085C21A /* pie56.png */; };
		A906463519A2CCAE0085C21A /* pie57.png in Resources */ = {isa = PBXBuildFile; fileRef = A90645F719A2CCAE0085C21A /* pie57.png */; };
		A906463619A2CCAE0085C21A /* pie58.png in Resources */ = {isa = PBXBuildFile; fileRef = A90645F819A2CCAE0085C21A /* pie58.png */; };
		A906463719A2CCAE0085C21A /* pie59.png in Resources */ = {isa = PBXBuildFile; fileRef = A90645F919A2CCAE0085C21A /* pie59.png */; };
		A906463919A2CCAE0085C21A /* pieV.png in Resources */ = {isa = PBXBuildFile; fileRef = A90645FB19A2CCAE0085C21A /* pieV.png */; };
		A9100A6319A3CE420006583F /* BFMoreViewController.m in Sources */ = {isa = PBXBuildFile; fileRef = A9100A6219A3CE420006583F /* BFMoreViewController.m */; };
		A9100A6619A3DE910006583F /* BFExerciseListViewController.m in Sources */ = {isa = PBXBuildFile; fileRef = A9100A6519A3DE910006583F /* BFExerciseListViewController.m */; };
		A914445519B15859004D85F1 /* Main.storyboard in Resources */ = {isa = PBXBuildFile; fileRef = A914445319B15859004D85F1 /* Main.storyboard */; };
		A914445719B1E211004D85F1 /* cancel512.png in Resources */ = {isa = PBXBuildFile; fileRef = A914445619B1E211004D85F1 /* cancel512.png */; };
		A914445919B1E25A004D85F1 /* Images.xcassets in Resources */ = {isa = PBXBuildFile; fileRef = A914445819B1E25A004D85F1 /* Images.xcassets */; };
		A914445B19B23254004D85F1 /* PumpToLoad.mp3 in Resources */ = {isa = PBXBuildFile; fileRef = A914445A19B23254004D85F1 /* PumpToLoad.mp3 */; };
		A914445D19B27F24004D85F1 /* Code_sf2HDR.png in Resources */ = {isa = PBXBuildFile; fileRef = A914445C19B27F24004D85F1 /* Code_sf2HDR.png */; };
		A914445F19B27F2F004D85F1 /* Code_sf1HDR.png in Resources */ = {isa = PBXBuildFile; fileRef = A914445E19B27F2F004D85F1 /* Code_sf1HDR.png */; };
		A914446119B27F4F004D85F1 /* Code_sf1HD.png in Resources */ = {isa = PBXBuildFile; fileRef = A914446019B27F4F004D85F1 /* Code_sf1HD.png */; };
		A914446319B27F56004D85F1 /* Code_sf2HD.png in Resources */ = {isa = PBXBuildFile; fileRef = A914446219B27F56004D85F1 /* Code_sf2HD.png */; };
		A91A3AED19BA604C00188307 /* BarcodeFitnessIconRounded.png in Resources */ = {isa = PBXBuildFile; fileRef = A91A3AEB19BA604C00188307 /* BarcodeFitnessIconRounded.png */; };
		A929E5C319A3FCAD003FC4B5 /* BFWebViewController.m in Sources */ = {isa = PBXBuildFile; fileRef = A929E5C219A3FCAD003FC4B5 /* BFWebViewController.m */; };
		A929E5CA19A563F7003FC4B5 /* BFExerciseTimerCell.m in Sources */ = {isa = PBXBuildFile; fileRef = A929E5C919A563F7003FC4B5 /* BFExerciseTimerCell.m */; };
		A9374E81198C07F100174C5E /* BFExerciseList.m in Sources */ = {isa = PBXBuildFile; fileRef = A9374E80198C07F100174C5E /* BFExerciseList.m */; };
		A9374E84198C08CE00174C5E /* BFNetworkExercises.m in Sources */ = {isa = PBXBuildFile; fileRef = A9374E83198C08CE00174C5E /* BFNetworkExercises.m */; };
		A9374E8A198C090800174C5E /* BFUser.m in Sources */ = {isa = PBXBuildFile; fileRef = A9374E89198C090800174C5E /* BFUser.m */; };
		A93B25B719954FAB002189A0 /* Everyday_sf.png in Resources */ = {isa = PBXBuildFile; fileRef = A93B25AF19954FAB002189A0 /* Everyday_sf.png */; };
		A93B25B819954FAB002189A0 /* Friday_sf.png in Resources */ = {isa = PBXBuildFile; fileRef = A93B25B019954FAB002189A0 /* Friday_sf.png */; };
		A93B25B919954FAB002189A0 /* Monday_sf.png in Resources */ = {isa = PBXBuildFile; fileRef = A93B25B119954FAB002189A0 /* Monday_sf.png */; };
		A93B25BA19954FAB002189A0 /* Saturday_sf.png in Resources */ = {isa = PBXBuildFile; fileRef = A93B25B219954FAB002189A0 /* Saturday_sf.png */; };
		A93B25BB19954FAB002189A0 /* Sunday_sf.png in Resources */ = {isa = PBXBuildFile; fileRef = A93B25B319954FAB002189A0 /* Sunday_sf.png */; };
		A93B25BC19954FAB002189A0 /* Thursday_sf.png in Resources */ = {isa = PBXBuildFile; fileRef = A93B25B419954FAB002189A0 /* Thursday_sf.png */; };
		A93B25BD19954FAB002189A0 /* Tuesday_sf.png in Resources */ = {isa = PBXBuildFile; fileRef = A93B25B519954FAB002189A0 /* Tuesday_sf.png */; };
		A93B25BE19954FAB002189A0 /* Wednesday_sf.png in Resources */ = {isa = PBXBuildFile; fileRef = A93B25B619954FAB002189A0 /* Wednesday_sf.png */; };
		A93B25C019954FB8002189A0 /* BarcodeFitnessIcon120_sf.png in Resources */ = {isa = PBXBuildFile; fileRef = A93B25BF19954FB8002189A0 /* BarcodeFitnessIcon120_sf.png */; };
		A93B260919985CB8002189A0 /* AthleteHD_sf.png in Resources */ = {isa = PBXBuildFile; fileRef = A93B260819985CB8002189A0 /* AthleteHD_sf.png */; };
		A93B261B19998018002189A0 /* AthleteHD_sfR.png in Resources */ = {isa = PBXBuildFile; fileRef = A93B261A19998018002189A0 /* AthleteHD_sfR.png */; };
		A94C981A19BA63E9005BC137 /* Buzz_rounded.png in Resources */ = {isa = PBXBuildFile; fileRef = A94C981919BA63E9005BC137 /* Buzz_rounded.png */; };
		A94FB27B199C4FFC006157AC /* UIViewController+BackButtonHandler.m in Sources */ = {isa = PBXBuildFile; fileRef = A94FB27A199C4FFC006157AC /* UIViewController+BackButtonHandler.m */; };
		A97293FE197DDB4300495470 /* Foundation.framework in Frameworks */ = {isa = PBXBuildFile; fileRef = A97293FD197DDB4300495470 /* Foundation.framework */; };
		A9729400197DDB4300495470 /* CoreGraphics.framework in Frameworks */ = {isa = PBXBuildFile; fileRef = A97293FF197DDB4300495470 /* CoreGraphics.framework */; };
		A9729402197DDB4300495470 /* UIKit.framework in Frameworks */ = {isa = PBXBuildFile; fileRef = A9729401197DDB4300495470 /* UIKit.framework */; };
		A9729408197DDB4300495470 /* InfoPlist.strings in Resources */ = {isa = PBXBuildFile; fileRef = A9729406197DDB4300495470 /* InfoPlist.strings */; };
		A972940A197DDB4300495470 /* main.m in Sources */ = {isa = PBXBuildFile; fileRef = A9729409197DDB4300495470 /* main.m */; };
		A972940E197DDB4300495470 /* BFAppDelegate.m in Sources */ = {isa = PBXBuildFile; fileRef = A972940D197DDB4300495470 /* BFAppDelegate.m */; };
		A9729414197DDB4300495470 /* BFWelcomeViewController.m in Sources */ = {isa = PBXBuildFile; fileRef = A9729413197DDB4300495470 /* BFWelcomeViewController.m */; };
		A972DC34197F2C3000156ED8 /* BFChooseViewController.m in Sources */ = {isa = PBXBuildFile; fileRef = A972DC2F197F2C3000156ED8 /* BFChooseViewController.m */; };
		A972DC35197F2C3000156ED8 /* BFExerciseViewController.m in Sources */ = {isa = PBXBuildFile; fileRef = A972DC31197F2C3000156ED8 /* BFExerciseViewController.m */; };
		A972DC36197F2C3000156ED8 /* BFWorkoutViewController.m in Sources */ = {isa = PBXBuildFile; fileRef = A972DC33197F2C3000156ED8 /* BFWorkoutViewController.m */; };
		A972DC3C197F397000156ED8 /* BFWorkout.m in Sources */ = {isa = PBXBuildFile; fileRef = A972DC3B197F397000156ED8 /* BFWorkout.m */; };
		A972DC40197F5D7700156ED8 /* BFAddWorkoutViewController.m in Sources */ = {isa = PBXBuildFile; fileRef = A972DC3F197F5D7700156ED8 /* BFAddWorkoutViewController.m */; };
		A972DC4A1981BE0800156ED8 /* BFWorkoutList.m in Sources */ = {isa = PBXBuildFile; fileRef = A972DC491981BE0800156ED8 /* BFWorkoutList.m */; };
		A972DC4E1981C10800156ED8 /* BFExercise.m in Sources */ = {isa = PBXBuildFile; fileRef = A972DC4D1981C10800156ED8 /* BFExercise.m */; };
		A972DC511981C12500156ED8 /* BFSet.m in Sources */ = {isa = PBXBuildFile; fileRef = A972DC501981C12500156ED8 /* BFSet.m */; };
		A972DC5C1982C69200156ED8 /* BFLogList.m in Sources */ = {isa = PBXBuildFile; fileRef = A972DC5B1982C69200156ED8 /* BFLogList.m */; };
		A972DC6619885BD400156ED8 /* BFScanViewController.m in Sources */ = {isa = PBXBuildFile; fileRef = A972DC6519885BD400156ED8 /* BFScanViewController.m */; };
		A9AD3188198FEB9A008A0A32 /* BFCollectionViewCell.m in Sources */ = {isa = PBXBuildFile; fileRef = A9AD3187198FEB9A008A0A32 /* BFCollectionViewCell.m */; };
		A9AD31A4199006AA008A0A32 /* BFChooseViewControllerCell.m in Sources */ = {isa = PBXBuildFile; fileRef = A9AD31A3199006AA008A0A32 /* BFChooseViewControllerCell.m */; };
		A9B0E82519A2DA9A0026FF2E /* pie60.png in Resources */ = {isa = PBXBuildFile; fileRef = A9B0E82419A2DA9A0026FF2E /* pie60.png */; };
		A9E6C30419B675FE00614FE0 /* LogoB.png in Resources */ = {isa = PBXBuildFile; fileRef = A9E6C30019B675FE00614FE0 /* LogoB.png */; };
		A9E6C30519B675FE00614FE0 /* LogoN.png in Resources */ = {isa = PBXBuildFile; fileRef = A9E6C30119B675FE00614FE0 /* LogoN.png */; };
		A9E6C30719B675FE00614FE0 /* LogoOB.png in Resources */ = {isa = PBXBuildFile; fileRef = A9E6C30319B675FE00614FE0 /* LogoOB.png */; };
		A9F83DE019AFF62B00183D56 /* BFBodyExercisesViewController.m in Sources */ = {isa = PBXBuildFile; fileRef = A9F83DDF19AFF62B00183D56 /* BFBodyExercisesViewController.m */; };
		A9F83DE319AFF65A00183D56 /* BFMagicCreatorViewController.m in Sources */ = {isa = PBXBuildFile; fileRef = A9F83DE219AFF65A00183D56 /* BFMagicCreatorViewController.m */; };
		A9F83DE619B03A1B00183D56 /* BFWorkoutNoteCell.m in Sources */ = {isa = PBXBuildFile; fileRef = A9F83DE519B03A1B00183D56 /* BFWorkoutNoteCell.m */; };
/* End PBXBuildFile section */

/* Begin PBXFileReference section */
		A901468D1991E1D600D8F2A3 /* BFExerciseViewControllerCell.h */ = {isa = PBXFileReference; fileEncoding = 4; lastKnownFileType = sourcecode.c.h; path = BFExerciseViewControllerCell.h; sourceTree = "<group>"; };
		A901468E1991E1D600D8F2A3 /* BFExerciseViewControllerCell.m */ = {isa = PBXFileReference; fileEncoding = 4; lastKnownFileType = sourcecode.c.objc; path = BFExerciseViewControllerCell.m; sourceTree = "<group>"; };
		A906453C19A2B08D0085C21A /* BFWorkoutViewControllerCell.h */ = {isa = PBXFileReference; fileEncoding = 4; lastKnownFileType = sourcecode.c.h; path = BFWorkoutViewControllerCell.h; sourceTree = "<group>"; };
		A906453D19A2B08D0085C21A /* BFWorkoutViewControllerCell.m */ = {isa = PBXFileReference; fileEncoding = 4; lastKnownFileType = sourcecode.c.objc; path = BFWorkoutViewControllerCell.m; sourceTree = "<group>"; };
		A90645BE19A2CCAE0085C21A /* pie0.png */ = {isa = PBXFileReference; lastKnownFileType = image.png; path = pie0.png; sourceTree = "<group>"; };
		A90645BF19A2CCAE0085C21A /* pie1.png */ = {isa = PBXFileReference; lastKnownFileType = image.png; path = pie1.png; sourceTree = "<group>"; };
		A90645C019A2CCAE0085C21A /* pie2.png */ = {isa = PBXFileReference; lastKnownFileType = image.png; path = pie2.png; sourceTree = "<group>"; };
		A90645C119A2CCAE0085C21A /* pie3.png */ = {isa = PBXFileReference; lastKnownFileType = image.png; path = pie3.png; sourceTree = "<group>"; };
		A90645C219A2CCAE0085C21A /* pie4.png */ = {isa = PBXFileReference; lastKnownFileType = image.png; path = pie4.png; sourceTree = "<group>"; };
		A90645C319A2CCAE0085C21A /* pie5.png */ = {isa = PBXFileReference; lastKnownFileType = image.png; path = pie5.png; sourceTree = "<group>"; };
		A90645C419A2CCAE0085C21A /* pie6.png */ = {isa = PBXFileReference; lastKnownFileType = image.png; path = pie6.png; sourceTree = "<group>"; };
		A90645C519A2CCAE0085C21A /* pie7.png */ = {isa = PBXFileReference; lastKnownFileType = image.png; path = pie7.png; sourceTree = "<group>"; };
		A90645C619A2CCAE0085C21A /* pie8.png */ = {isa = PBXFileReference; lastKnownFileType = image.png; path = pie8.png; sourceTree = "<group>"; };
		A90645C719A2CCAE0085C21A /* pie9.png */ = {isa = PBXFileReference; lastKnownFileType = image.png; path = pie9.png; sourceTree = "<group>"; };
		A90645C819A2CCAE0085C21A /* pie10.png */ = {isa = PBXFileReference; lastKnownFileType = image.png; path = pie10.png; sourceTree = "<group>"; };
		A90645C919A2CCAE0085C21A /* pie11.png */ = {isa = PBXFileReference; lastKnownFileType = image.png; path = pie11.png; sourceTree = "<group>"; };
		A90645CA19A2CCAE0085C21A /* pie12.png */ = {isa = PBXFileReference; lastKnownFileType = image.png; path = pie12.png; sourceTree = "<group>"; };
		A90645CB19A2CCAE0085C21A /* pie13.png */ = {isa = PBXFileReference; lastKnownFileType = image.png; path = pie13.png; sourceTree = "<group>"; };
		A90645CC19A2CCAE0085C21A /* pie14.png */ = {isa = PBXFileReference; lastKnownFileType = image.png; path = pie14.png; sourceTree = "<group>"; };
		A90645CD19A2CCAE0085C21A /* pie15.png */ = {isa = PBXFileReference; lastKnownFileType = image.png; path = pie15.png; sourceTree = "<group>"; };
		A90645CE19A2CCAE0085C21A /* pie16.png */ = {isa = PBXFileReference; lastKnownFileType = image.png; path = pie16.png; sourceTree = "<group>"; };
		A90645CF19A2CCAE0085C21A /* pie17.png */ = {isa = PBXFileReference; lastKnownFileType = image.png; path = pie17.png; sourceTree = "<group>"; };
		A90645D019A2CCAE0085C21A /* pie18.png */ = {isa = PBXFileReference; lastKnownFileType = image.png; path = pie18.png; sourceTree = "<group>"; };
		A90645D119A2CCAE0085C21A /* pie19.png */ = {isa = PBXFileReference; lastKnownFileType = image.png; path = pie19.png; sourceTree = "<group>"; };
		A90645D219A2CCAE0085C21A /* pie20.png */ = {isa = PBXFileReference; lastKnownFileType = image.png; path = pie20.png; sourceTree = "<group>"; };
		A90645D319A2CCAE0085C21A /* pie21.png */ = {isa = PBXFileReference; lastKnownFileType = image.png; path = pie21.png; sourceTree = "<group>"; };
		A90645D419A2CCAE0085C21A /* pie22.png */ = {isa = PBXFileReference; lastKnownFileType = image.png; path = pie22.png; sourceTree = "<group>"; };
		A90645D519A2CCAE0085C21A /* pie23.png */ = {isa = PBXFileReference; lastKnownFileType = image.png; path = pie23.png; sourceTree = "<group>"; };
		A90645D619A2CCAE0085C21A /* pie24.png */ = {isa = PBXFileReference; lastKnownFileType = image.png; path = pie24.png; sourceTree = "<group>"; };
		A90645D719A2CCAE0085C21A /* pie25.png */ = {isa = PBXFileReference; lastKnownFileType = image.png; path = pie25.png; sourceTree = "<group>"; };
		A90645D819A2CCAE0085C21A /* pie26.png */ = {isa = PBXFileReference; lastKnownFileType = image.png; path = pie26.png; sourceTree = "<group>"; };
		A90645D919A2CCAE0085C21A /* pie27.png */ = {isa = PBXFileReference; lastKnownFileType = image.png; path = pie27.png; sourceTree = "<group>"; };
		A90645DA19A2CCAE0085C21A /* pie28.png */ = {isa = PBXFileReference; lastKnownFileType = image.png; path = pie28.png; sourceTree = "<group>"; };
		A90645DB19A2CCAE0085C21A /* pie29.png */ = {isa = PBXFileReference; lastKnownFileType = image.png; path = pie29.png; sourceTree = "<group>"; };
		A90645DC19A2CCAE0085C21A /* pie30.png */ = {isa = PBXFileReference; lastKnownFileType = image.png; path = pie30.png; sourceTree = "<group>"; };
		A90645DD19A2CCAE0085C21A /* pie31.png */ = {isa = PBXFileReference; lastKnownFileType = image.png; path = pie31.png; sourceTree = "<group>"; };
		A90645DE19A2CCAE0085C21A /* pie32.png */ = {isa = PBXFileReference; lastKnownFileType = image.png; path = pie32.png; sourceTree = "<group>"; };
		A90645DF19A2CCAE0085C21A /* pie33.png */ = {isa = PBXFileReference; lastKnownFileType = image.png; path = pie33.png; sourceTree = "<group>"; };
		A90645E019A2CCAE0085C21A /* pie34.png */ = {isa = PBXFileReference; lastKnownFileType = image.png; path = pie34.png; sourceTree = "<group>"; };
		A90645E119A2CCAE0085C21A /* pie35.png */ = {isa = PBXFileReference; lastKnownFileType = image.png; path = pie35.png; sourceTree = "<group>"; };
		A90645E219A2CCAE0085C21A /* pie36.png */ = {isa = PBXFileReference; lastKnownFileType = image.png; path = pie36.png; sourceTree = "<group>"; };
		A90645E319A2CCAE0085C21A /* pie37.png */ = {isa = PBXFileReference; lastKnownFileType = image.png; path = pie37.png; sourceTree = "<group>"; };
		A90645E419A2CCAE0085C21A /* pie38.png */ = {isa = PBXFileReference; lastKnownFileType = image.png; path = pie38.png; sourceTree = "<group>"; };
		A90645E519A2CCAE0085C21A /* pie39.png */ = {isa = PBXFileReference; lastKnownFileType = image.png; path = pie39.png; sourceTree = "<group>"; };
		A90645E619A2CCAE0085C21A /* pie40.png */ = {isa = PBXFileReference; lastKnownFileType = image.png; path = pie40.png; sourceTree = "<group>"; };
		A90645E719A2CCAE0085C21A /* pie41.png */ = {isa = PBXFileReference; lastKnownFileType = image.png; path = pie41.png; sourceTree = "<group>"; };
		A90645E819A2CCAE0085C21A /* pie42.png */ = {isa = PBXFileReference; lastKnownFileType = image.png; path = pie42.png; sourceTree = "<group>"; };
		A90645E919A2CCAE0085C21A /* pie43.png */ = {isa = PBXFileReference; lastKnownFileType = image.png; path = pie43.png; sourceTree = "<group>"; };
		A90645EA19A2CCAE0085C21A /* pie44.png */ = {isa = PBXFileReference; lastKnownFileType = image.png; path = pie44.png; sourceTree = "<group>"; };
		A90645EB19A2CCAE0085C21A /* pie45.png */ = {isa = PBXFileReference; lastKnownFileType = image.png; path = pie45.png; sourceTree = "<group>"; };
		A90645EC19A2CCAE0085C21A /* pie46.png */ = {isa = PBXFileReference; lastKnownFileType = image.png; path = pie46.png; sourceTree = "<group>"; };
		A90645ED19A2CCAE0085C21A /* pie47.png */ = {isa = PBXFileReference; lastKnownFileType = image.png; path = pie47.png; sourceTree = "<group>"; };
		A90645EE19A2CCAE0085C21A /* pie48.png */ = {isa = PBXFileReference; lastKnownFileType = image.png; path = pie48.png; sourceTree = "<group>"; };
		A90645EF19A2CCAE0085C21A /* pie49.png */ = {isa = PBXFileReference; lastKnownFileType = image.png; path = pie49.png; sourceTree = "<group>"; };
		A90645F019A2CCAE0085C21A /* pie50.png */ = {isa = PBXFileReference; lastKnownFileType = image.png; path = pie50.png; sourceTree = "<group>"; };
		A90645F119A2CCAE0085C21A /* pie51.png */ = {isa = PBXFileReference; lastKnownFileType = image.png; path = pie51.png; sourceTree = "<group>"; };
		A90645F219A2CCAE0085C21A /* pie52.png */ = {isa = PBXFileReference; lastKnownFileType = image.png; path = pie52.png; sourceTree = "<group>"; };
		A90645F319A2CCAE0085C21A /* pie53.png */ = {isa = PBXFileReference; lastKnownFileType = image.png; path = pie53.png; sourceTree = "<group>"; };
		A90645F419A2CCAE0085C21A /* pie54.png */ = {isa = PBXFileReference; lastKnownFileType = image.png; path = pie54.png; sourceTree = "<group>"; };
		A90645F519A2CCAE0085C21A /* pie55.png */ = {isa = PBXFileReference; lastKnownFileType = image.png; path = pie55.png; sourceTree = "<group>"; };
		A90645F619A2CCAE0085C21A /* pie56.png */ = {isa = PBXFileReference; lastKnownFileType = image.png; path = pie56.png; sourceTree = "<group>"; };
		A90645F719A2CCAE0085C21A /* pie57.png */ = {isa = PBXFileReference; lastKnownFileType = image.png; path = pie57.png; sourceTree = "<group>"; };
		A90645F819A2CCAE0085C21A /* pie58.png */ = {isa = PBXFileReference; lastKnownFileType = image.png; path = pie58.png; sourceTree = "<group>"; };
		A90645F919A2CCAE0085C21A /* pie59.png */ = {isa = PBXFileReference; lastKnownFileType = image.png; path = pie59.png; sourceTree = "<group>"; };
		A90645FB19A2CCAE0085C21A /* pieV.png */ = {isa = PBXFileReference; lastKnownFileType = image.png; path = pieV.png; sourceTree = "<group>"; };
		A9100A6119A3CE420006583F /* BFMoreViewController.h */ = {isa = PBXFileReference; fileEncoding = 4; lastKnownFileType = sourcecode.c.h; path = BFMoreViewController.h; sourceTree = "<group>"; };
		A9100A6219A3CE420006583F /* BFMoreViewController.m */ = {isa = PBXFileReference; fileEncoding = 4; lastKnownFileType = sourcecode.c.objc; path = BFMoreViewController.m; sourceTree = "<group>"; };
		A9100A6419A3DE910006583F /* BFExerciseListViewController.h */ = {isa = PBXFileReference; fileEncoding = 4; lastKnownFileType = sourcecode.c.h; path = BFExerciseListViewController.h; sourceTree = "<group>"; };
		A9100A6519A3DE910006583F /* BFExerciseListViewController.m */ = {isa = PBXFileReference; fileEncoding = 4; lastKnownFileType = sourcecode.c.objc; path = BFExerciseListViewController.m; sourceTree = "<group>"; };
		A914445419B15859004D85F1 /* Base */ = {isa = PBXFileReference; lastKnownFileType = file.storyboard; name = Base; path = Base.lproj/Main.storyboard; sourceTree = "<group>"; };
		A914445619B1E211004D85F1 /* cancel512.png */ = {isa = PBXFileReference; lastKnownFileType = image.png; path = cancel512.png; sourceTree = "<group>"; };
		A914445819B1E25A004D85F1 /* Images.xcassets */ = {isa = PBXFileReference; lastKnownFileType = folder.assetcatalog; path = Images.xcassets; sourceTree = "<group>"; };
		A914445A19B23254004D85F1 /* PumpToLoad.mp3 */ = {isa = PBXFileReference; lastKnownFileType = audio.mp3; path = PumpToLoad.mp3; sourceTree = "<group>"; };
		A914445C19B27F24004D85F1 /* Code_sf2HDR.png */ = {isa = PBXFileReference; lastKnownFileType = image.png; path = Code_sf2HDR.png; sourceTree = "<group>"; };
		A914445E19B27F2F004D85F1 /* Code_sf1HDR.png */ = {isa = PBXFileReference; lastKnownFileType = image.png; path = Code_sf1HDR.png; sourceTree = "<group>"; };
		A914446019B27F4F004D85F1 /* Code_sf1HD.png */ = {isa = PBXFileReference; lastKnownFileType = image.png; path = Code_sf1HD.png; sourceTree = "<group>"; };
		A914446219B27F56004D85F1 /* Code_sf2HD.png */ = {isa = PBXFileReference; lastKnownFileType = image.png; path = Code_sf2HD.png; sourceTree = "<group>"; };
		A91A3AEB19BA604C00188307 /* BarcodeFitnessIconRounded.png */ = {isa = PBXFileReference; lastKnownFileType = image.png; path = BarcodeFitnessIconRounded.png; sourceTree = "<group>"; };
		A929E5C119A3FCAD003FC4B5 /* BFWebViewController.h */ = {isa = PBXFileReference; fileEncoding = 4; lastKnownFileType = sourcecode.c.h; path = BFWebViewController.h; sourceTree = "<group>"; };
		A929E5C219A3FCAD003FC4B5 /* BFWebViewController.m */ = {isa = PBXFileReference; fileEncoding = 4; lastKnownFileType = sourcecode.c.objc; path = BFWebViewController.m; sourceTree = "<group>"; };
		A929E5C819A563F7003FC4B5 /* BFExerciseTimerCell.h */ = {isa = PBXFileReference; fileEncoding = 4; lastKnownFileType = sourcecode.c.h; path = BFExerciseTimerCell.h; sourceTree = "<group>"; };
		A929E5C919A563F7003FC4B5 /* BFExerciseTimerCell.m */ = {isa = PBXFileReference; fileEncoding = 4; lastKnownFileType = sourcecode.c.objc; path = BFExerciseTimerCell.m; sourceTree = "<group>"; };
		A9374E7F198C07F100174C5E /* BFExerciseList.h */ = {isa = PBXFileReference; fileEncoding = 4; lastKnownFileType = sourcecode.c.h; name = BFExerciseList.h; path = "../../ios-barcodefitness/BarcodeFitness-iPhone/BFExerciseList.h"; sourceTree = "<group>"; };
		A9374E80198C07F100174C5E /* BFExerciseList.m */ = {isa = PBXFileReference; fileEncoding = 4; lastKnownFileType = sourcecode.c.objc; name = BFExerciseList.m; path = "../../ios-barcodefitness/BarcodeFitness-iPhone/BFExerciseList.m"; sourceTree = "<group>"; };
		A9374E82198C08CE00174C5E /* BFNetworkExercises.h */ = {isa = PBXFileReference; fileEncoding = 4; lastKnownFileType = sourcecode.c.h; path = BFNetworkExercises.h; sourceTree = "<group>"; };
		A9374E83198C08CE00174C5E /* BFNetworkExercises.m */ = {isa = PBXFileReference; fileEncoding = 4; lastKnownFileType = sourcecode.c.objc; path = BFNetworkExercises.m; sourceTree = "<group>"; };
		A9374E88198C090800174C5E /* BFUser.h */ = {isa = PBXFileReference; fileEncoding = 4; lastKnownFileType = sourcecode.c.h; path = BFUser.h; sourceTree = "<group>"; };
		A9374E89198C090800174C5E /* BFUser.m */ = {isa = PBXFileReference; fileEncoding = 4; lastKnownFileType = sourcecode.c.objc; path = BFUser.m; sourceTree = "<group>"; };
		A93B25AF19954FAB002189A0 /* Everyday_sf.png */ = {isa = PBXFileReference; lastKnownFileType = image.png; path = Everyday_sf.png; sourceTree = "<group>"; };
		A93B25B019954FAB002189A0 /* Friday_sf.png */ = {isa = PBXFileReference; lastKnownFileType = image.png; path = Friday_sf.png; sourceTree = "<group>"; };
		A93B25B119954FAB002189A0 /* Monday_sf.png */ = {isa = PBXFileReference; lastKnownFileType = image.png; path = Monday_sf.png; sourceTree = "<group>"; };
		A93B25B219954FAB002189A0 /* Saturday_sf.png */ = {isa = PBXFileReference; lastKnownFileType = image.png; path = Saturday_sf.png; sourceTree = "<group>"; };
		A93B25B319954FAB002189A0 /* Sunday_sf.png */ = {isa = PBXFileReference; lastKnownFileType = image.png; path = Sunday_sf.png; sourceTree = "<group>"; };
		A93B25B419954FAB002189A0 /* Thursday_sf.png */ = {isa = PBXFileReference; lastKnownFileType = image.png; path = Thursday_sf.png; sourceTree = "<group>"; };
		A93B25B519954FAB002189A0 /* Tuesday_sf.png */ = {isa = PBXFileReference; lastKnownFileType = image.png; path = Tuesday_sf.png; sourceTree = "<group>"; };
		A93B25B619954FAB002189A0 /* Wednesday_sf.png */ = {isa = PBXFileReference; lastKnownFileType = image.png; path = Wednesday_sf.png; sourceTree = "<group>"; };
		A93B25BF19954FB8002189A0 /* BarcodeFitnessIcon120_sf.png */ = {isa = PBXFileReference; lastKnownFileType = image.png; path = BarcodeFitnessIcon120_sf.png; sourceTree = "<group>"; };
		A93B260819985CB8002189A0 /* AthleteHD_sf.png */ = {isa = PBXFileReference; lastKnownFileType = image.png; path = AthleteHD_sf.png; sourceTree = "<group>"; };
		A93B261A19998018002189A0 /* AthleteHD_sfR.png */ = {isa = PBXFileReference; lastKnownFileType = image.png; path = AthleteHD_sfR.png; sourceTree = "<group>"; };
		A94C981919BA63E9005BC137 /* Buzz_rounded.png */ = {isa = PBXFileReference; lastKnownFileType = image.png; path = Buzz_rounded.png; sourceTree = "<group>"; };
		A94FB279199C4FFC006157AC /* UIViewController+BackButtonHandler.h */ = {isa = PBXFileReference; fileEncoding = 4; lastKnownFileType = sourcecode.c.h; path = "UIViewController+BackButtonHandler.h"; sourceTree = "<group>"; };
		A94FB27A199C4FFC006157AC /* UIViewController+BackButtonHandler.m */ = {isa = PBXFileReference; fileEncoding = 4; lastKnownFileType = sourcecode.c.objc; path = "UIViewController+BackButtonHandler.m"; sourceTree = "<group>"; };
		A97293FA197DDB4300495470 /* BarcodeFitness-iPhone.app */ = {isa = PBXFileReference; explicitFileType = wrapper.application; includeInIndex = 0; path = "BarcodeFitness-iPhone.app"; sourceTree = BUILT_PRODUCTS_DIR; };
		A97293FD197DDB4300495470 /* Foundation.framework */ = {isa = PBXFileReference; lastKnownFileType = wrapper.framework; name = Foundation.framework; path = System/Library/Frameworks/Foundation.framework; sourceTree = SDKROOT; };
		A97293FF197DDB4300495470 /* CoreGraphics.framework */ = {isa = PBXFileReference; lastKnownFileType = wrapper.framework; name = CoreGraphics.framework; path = System/Library/Frameworks/CoreGraphics.framework; sourceTree = SDKROOT; };
		A9729401197DDB4300495470 /* UIKit.framework */ = {isa = PBXFileReference; lastKnownFileType = wrapper.framework; name = UIKit.framework; path = System/Library/Frameworks/UIKit.framework; sourceTree = SDKROOT; };
		A9729405197DDB4300495470 /* BarcodeFitness-iPhone-Info.plist */ = {isa = PBXFileReference; lastKnownFileType = text.plist.xml; path = "BarcodeFitness-iPhone-Info.plist"; sourceTree = "<group>"; };
		A9729407197DDB4300495470 /* en */ = {isa = PBXFileReference; lastKnownFileType = text.plist.strings; name = en; path = en.lproj/InfoPlist.strings; sourceTree = "<group>"; };
		A9729409197DDB4300495470 /* main.m */ = {isa = PBXFileReference; lastKnownFileType = sourcecode.c.objc; path = main.m; sourceTree = "<group>"; };
		A972940B197DDB4300495470 /* BarcodeFitness-iPhone-Prefix.pch */ = {isa = PBXFileReference; lastKnownFileType = sourcecode.c.h; path = "BarcodeFitness-iPhone-Prefix.pch"; sourceTree = "<group>"; };
		A972940C197DDB4300495470 /* BFAppDelegate.h */ = {isa = PBXFileReference; lastKnownFileType = sourcecode.c.h; path = BFAppDelegate.h; sourceTree = "<group>"; };
		A972940D197DDB4300495470 /* BFAppDelegate.m */ = {isa = PBXFileReference; lastKnownFileType = sourcecode.c.objc; path = BFAppDelegate.m; sourceTree = "<group>"; };
		A9729412197DDB4300495470 /* BFWelcomeViewController.h */ = {isa = PBXFileReference; lastKnownFileType = sourcecode.c.h; path = BFWelcomeViewController.h; sourceTree = "<group>"; };
		A9729413197DDB4300495470 /* BFWelcomeViewController.m */ = {isa = PBXFileReference; lastKnownFileType = sourcecode.c.objc; path = BFWelcomeViewController.m; sourceTree = "<group>"; wrapsLines = 1; };
		A972941C197DDB4300495470 /* XCTest.framework */ = {isa = PBXFileReference; lastKnownFileType = wrapper.framework; name = XCTest.framework; path = Library/Frameworks/XCTest.framework; sourceTree = DEVELOPER_DIR; };
		A9729424197DDB4300495470 /* BarcodeFitness-iPhoneTests-Info.plist */ = {isa = PBXFileReference; lastKnownFileType = text.plist.xml; path = "BarcodeFitness-iPhoneTests-Info.plist"; sourceTree = "<group>"; };
		A9729426197DDB4300495470 /* en */ = {isa = PBXFileReference; lastKnownFileType = text.plist.strings; name = en; path = en.lproj/InfoPlist.strings; sourceTree = "<group>"; };
		A9729428197DDB4300495470 /* BarcodeFitness_iPhoneTests.m */ = {isa = PBXFileReference; lastKnownFileType = sourcecode.c.objc; path = BarcodeFitness_iPhoneTests.m; sourceTree = "<group>"; };
		A972DC2E197F2C3000156ED8 /* BFChooseViewController.h */ = {isa = PBXFileReference; fileEncoding = 4; lastKnownFileType = sourcecode.c.h; path = BFChooseViewController.h; sourceTree = "<group>"; };
		A972DC2F197F2C3000156ED8 /* BFChooseViewController.m */ = {isa = PBXFileReference; fileEncoding = 4; lastKnownFileType = sourcecode.c.objc; path = BFChooseViewController.m; sourceTree = "<group>"; };
		A972DC30197F2C3000156ED8 /* BFExerciseViewController.h */ = {isa = PBXFileReference; fileEncoding = 4; lastKnownFileType = sourcecode.c.h; path = BFExerciseViewController.h; sourceTree = "<group>"; };
		A972DC31197F2C3000156ED8 /* BFExerciseViewController.m */ = {isa = PBXFileReference; fileEncoding = 4; lastKnownFileType = sourcecode.c.objc; path = BFExerciseViewController.m; sourceTree = "<group>"; wrapsLines = 1; };
		A972DC32197F2C3000156ED8 /* BFWorkoutViewController.h */ = {isa = PBXFileReference; fileEncoding = 4; lastKnownFileType = sourcecode.c.h; path = BFWorkoutViewController.h; sourceTree = "<group>"; };
		A972DC33197F2C3000156ED8 /* BFWorkoutViewController.m */ = {isa = PBXFileReference; fileEncoding = 4; lastKnownFileType = sourcecode.c.objc; path = BFWorkoutViewController.m; sourceTree = "<group>"; };
		A972DC3A197F397000156ED8 /* BFWorkout.h */ = {isa = PBXFileReference; fileEncoding = 4; lastKnownFileType = sourcecode.c.h; path = BFWorkout.h; sourceTree = "<group>"; };
		A972DC3B197F397000156ED8 /* BFWorkout.m */ = {isa = PBXFileReference; fileEncoding = 4; lastKnownFileType = sourcecode.c.objc; path = BFWorkout.m; sourceTree = "<group>"; };
		A972DC3E197F5D7700156ED8 /* BFAddWorkoutViewController.h */ = {isa = PBXFileReference; fileEncoding = 4; lastKnownFileType = sourcecode.c.h; path = BFAddWorkoutViewController.h; sourceTree = "<group>"; };
		A972DC3F197F5D7700156ED8 /* BFAddWorkoutViewController.m */ = {isa = PBXFileReference; fileEncoding = 4; lastKnownFileType = sourcecode.c.objc; path = BFAddWorkoutViewController.m; sourceTree = "<group>"; };
		A972DC481981BE0800156ED8 /* BFWorkoutList.h */ = {isa = PBXFileReference; fileEncoding = 4; lastKnownFileType = sourcecode.c.h; path = BFWorkoutList.h; sourceTree = "<group>"; };
		A972DC491981BE0800156ED8 /* BFWorkoutList.m */ = {isa = PBXFileReference; fileEncoding = 4; lastKnownFileType = sourcecode.c.objc; path = BFWorkoutList.m; sourceTree = "<group>"; };
		A972DC4C1981C10800156ED8 /* BFExercise.h */ = {isa = PBXFileReference; fileEncoding = 4; lastKnownFileType = sourcecode.c.h; path = BFExercise.h; sourceTree = "<group>"; };
		A972DC4D1981C10800156ED8 /* BFExercise.m */ = {isa = PBXFileReference; fileEncoding = 4; lastKnownFileType = sourcecode.c.objc; path = BFExercise.m; sourceTree = "<group>"; };
		A972DC4F1981C12500156ED8 /* BFSet.h */ = {isa = PBXFileReference; fileEncoding = 4; lastKnownFileType = sourcecode.c.h; path = BFSet.h; sourceTree = "<group>"; };
		A972DC501981C12500156ED8 /* BFSet.m */ = {isa = PBXFileReference; fileEncoding = 4; lastKnownFileType = sourcecode.c.objc; path = BFSet.m; sourceTree = "<group>"; };
		A972DC5A1982C69200156ED8 /* BFLogList.h */ = {isa = PBXFileReference; fileEncoding = 4; lastKnownFileType = sourcecode.c.h; path = BFLogList.h; sourceTree = "<group>"; };
		A972DC5B1982C69200156ED8 /* BFLogList.m */ = {isa = PBXFileReference; fileEncoding = 4; lastKnownFileType = sourcecode.c.objc; path = BFLogList.m; sourceTree = "<group>"; };
		A972DC6419885BD400156ED8 /* BFScanViewController.h */ = {isa = PBXFileReference; fileEncoding = 4; lastKnownFileType = sourcecode.c.h; path = BFScanViewController.h; sourceTree = "<group>"; };
		A972DC6519885BD400156ED8 /* BFScanViewController.m */ = {isa = PBXFileReference; fileEncoding = 4; lastKnownFileType = sourcecode.c.objc; path = BFScanViewController.m; sourceTree = "<group>"; };
		A9AD3186198FEB9A008A0A32 /* BFCollectionViewCell.h */ = {isa = PBXFileReference; fileEncoding = 4; lastKnownFileType = sourcecode.c.h; path = BFCollectionViewCell.h; sourceTree = "<group>"; };
		A9AD3187198FEB9A008A0A32 /* BFCollectionViewCell.m */ = {isa = PBXFileReference; fileEncoding = 4; lastKnownFileType = sourcecode.c.objc; path = BFCollectionViewCell.m; sourceTree = "<group>"; };
		A9AD31A2199006AA008A0A32 /* BFChooseViewControllerCell.h */ = {isa = PBXFileReference; fileEncoding = 4; lastKnownFileType = sourcecode.c.h; path = BFChooseViewControllerCell.h; sourceTree = "<group>"; };
		A9AD31A3199006AA008A0A32 /* BFChooseViewControllerCell.m */ = {isa = PBXFileReference; fileEncoding = 4; lastKnownFileType = sourcecode.c.objc; path = BFChooseViewControllerCell.m; sourceTree = "<group>"; };
		A9B0E82419A2DA9A0026FF2E /* pie60.png */ = {isa = PBXFileReference; lastKnownFileType = image.png; path = pie60.png; sourceTree = "<group>"; };
		A9E6C30019B675FE00614FE0 /* LogoB.png */ = {isa = PBXFileReference; lastKnownFileType = image.png; path = LogoB.png; sourceTree = "<group>"; };
		A9E6C30119B675FE00614FE0 /* LogoN.png */ = {isa = PBXFileReference; lastKnownFileType = image.png; path = LogoN.png; sourceTree = "<group>"; };
		A9E6C30319B675FE00614FE0 /* LogoOB.png */ = {isa = PBXFileReference; lastKnownFileType = image.png; path = LogoOB.png; sourceTree = "<group>"; };
		A9F83DDE19AFF62B00183D56 /* BFBodyExercisesViewController.h */ = {isa = PBXFileReference; fileEncoding = 4; lastKnownFileType = sourcecode.c.h; path = BFBodyExercisesViewController.h; sourceTree = "<group>"; };
		A9F83DDF19AFF62B00183D56 /* BFBodyExercisesViewController.m */ = {isa = PBXFileReference; fileEncoding = 4; lastKnownFileType = sourcecode.c.objc; path = BFBodyExercisesViewController.m; sourceTree = "<group>"; };
		A9F83DE119AFF65A00183D56 /* BFMagicCreatorViewController.h */ = {isa = PBXFileReference; fileEncoding = 4; lastKnownFileType = sourcecode.c.h; path = BFMagicCreatorViewController.h; sourceTree = "<group>"; };
		A9F83DE219AFF65A00183D56 /* BFMagicCreatorViewController.m */ = {isa = PBXFileReference; fileEncoding = 4; lastKnownFileType = sourcecode.c.objc; path = BFMagicCreatorViewController.m; sourceTree = "<group>"; };
		A9F83DE419B03A1B00183D56 /* BFWorkoutNoteCell.h */ = {isa = PBXFileReference; fileEncoding = 4; lastKnownFileType = sourcecode.c.h; path = BFWorkoutNoteCell.h; sourceTree = "<group>"; };
		A9F83DE519B03A1B00183D56 /* BFWorkoutNoteCell.m */ = {isa = PBXFileReference; fileEncoding = 4; lastKnownFileType = sourcecode.c.objc; path = BFWorkoutNoteCell.m; sourceTree = "<group>"; };
/* End PBXFileReference section */

/* Begin PBXFrameworksBuildPhase section */
		A97293F7197DDB4300495470 /* Frameworks */ = {
			isa = PBXFrameworksBuildPhase;
			buildActionMask = 2147483647;
			files = (
				A9729400197DDB4300495470 /* CoreGraphics.framework in Frameworks */,
				A9729402197DDB4300495470 /* UIKit.framework in Frameworks */,
				A97293FE197DDB4300495470 /* Foundation.framework in Frameworks */,
			);
			runOnlyForDeploymentPostprocessing = 0;
		};
/* End PBXFrameworksBuildPhase section */

/* Begin PBXGroup section */
		A90644BF19A29FB00085C21A /* pie */ = {
			isa = PBXGroup;
			children = (
				A90645BE19A2CCAE0085C21A /* pie0.png */,
				A90645BF19A2CCAE0085C21A /* pie1.png */,
				A90645C019A2CCAE0085C21A /* pie2.png */,
				A90645C119A2CCAE0085C21A /* pie3.png */,
				A90645C219A2CCAE0085C21A /* pie4.png */,
				A90645C319A2CCAE0085C21A /* pie5.png */,
				A90645C419A2CCAE0085C21A /* pie6.png */,
				A90645C519A2CCAE0085C21A /* pie7.png */,
				A90645C619A2CCAE0085C21A /* pie8.png */,
				A90645C719A2CCAE0085C21A /* pie9.png */,
				A90645C819A2CCAE0085C21A /* pie10.png */,
				A90645C919A2CCAE0085C21A /* pie11.png */,
				A90645CA19A2CCAE0085C21A /* pie12.png */,
				A90645CB19A2CCAE0085C21A /* pie13.png */,
				A90645CC19A2CCAE0085C21A /* pie14.png */,
				A90645CD19A2CCAE0085C21A /* pie15.png */,
				A90645CE19A2CCAE0085C21A /* pie16.png */,
				A90645CF19A2CCAE0085C21A /* pie17.png */,
				A90645D019A2CCAE0085C21A /* pie18.png */,
				A90645D119A2CCAE0085C21A /* pie19.png */,
				A90645D219A2CCAE0085C21A /* pie20.png */,
				A90645D319A2CCAE0085C21A /* pie21.png */,
				A90645D419A2CCAE0085C21A /* pie22.png */,
				A90645D519A2CCAE0085C21A /* pie23.png */,
				A90645D619A2CCAE0085C21A /* pie24.png */,
				A90645D719A2CCAE0085C21A /* pie25.png */,
				A90645D819A2CCAE0085C21A /* pie26.png */,
				A90645D919A2CCAE0085C21A /* pie27.png */,
				A90645DA19A2CCAE0085C21A /* pie28.png */,
				A90645DB19A2CCAE0085C21A /* pie29.png */,
				A90645DC19A2CCAE0085C21A /* pie30.png */,
				A90645DD19A2CCAE0085C21A /* pie31.png */,
				A90645DE19A2CCAE0085C21A /* pie32.png */,
				A90645DF19A2CCAE0085C21A /* pie33.png */,
				A90645E019A2CCAE0085C21A /* pie34.png */,
				A90645E119A2CCAE0085C21A /* pie35.png */,
				A90645E219A2CCAE0085C21A /* pie36.png */,
				A90645E319A2CCAE0085C21A /* pie37.png */,
				A90645E419A2CCAE0085C21A /* pie38.png */,
				A90645E519A2CCAE0085C21A /* pie39.png */,
				A90645E619A2CCAE0085C21A /* pie40.png */,
				A90645E719A2CCAE0085C21A /* pie41.png */,
				A90645E819A2CCAE0085C21A /* pie42.png */,
				A90645E919A2CCAE0085C21A /* pie43.png */,
				A90645EA19A2CCAE0085C21A /* pie44.png */,
				A90645EB19A2CCAE0085C21A /* pie45.png */,
				A90645EC19A2CCAE0085C21A /* pie46.png */,
				A90645ED19A2CCAE0085C21A /* pie47.png */,
				A90645EE19A2CCAE0085C21A /* pie48.png */,
				A90645EF19A2CCAE0085C21A /* pie49.png */,
				A90645F019A2CCAE0085C21A /* pie50.png */,
				A90645F119A2CCAE0085C21A /* pie51.png */,
				A90645F219A2CCAE0085C21A /* pie52.png */,
				A90645F319A2CCAE0085C21A /* pie53.png */,
				A90645F419A2CCAE0085C21A /* pie54.png */,
				A90645F519A2CCAE0085C21A /* pie55.png */,
				A90645F619A2CCAE0085C21A /* pie56.png */,
				A90645F719A2CCAE0085C21A /* pie57.png */,
				A90645F819A2CCAE0085C21A /* pie58.png */,
				A90645F919A2CCAE0085C21A /* pie59.png */,
				A9B0E82419A2DA9A0026FF2E /* pie60.png */,
				A90645FB19A2CCAE0085C21A /* pieV.png */,
			);
			name = pie;
			sourceTree = "<group>";
		};
		A929E5C619A4F13D003FC4B5 /* 0.Home */ = {
			isa = PBXGroup;
			children = (
				A9729412197DDB4300495470 /* BFWelcomeViewController.h */,
				A9729413197DDB4300495470 /* BFWelcomeViewController.m */,
				A9100A6119A3CE420006583F /* BFMoreViewController.h */,
				A9100A6219A3CE420006583F /* BFMoreViewController.m */,
				A929E5C119A3FCAD003FC4B5 /* BFWebViewController.h */,
				A929E5C219A3FCAD003FC4B5 /* BFWebViewController.m */,
			);
			name = 0.Home;
			sourceTree = "<group>";
		};
		A9374E6E19897A1A00174C5E /* 1.WorkoutsManagement */ = {
			isa = PBXGroup;
			children = (
				A972DC2E197F2C3000156ED8 /* BFChooseViewController.h */,
				A972DC2F197F2C3000156ED8 /* BFChooseViewController.m */,
				A9AD31A2199006AA008A0A32 /* BFChooseViewControllerCell.h */,
				A9AD31A3199006AA008A0A32 /* BFChooseViewControllerCell.m */,
				A972DC3E197F5D7700156ED8 /* BFAddWorkoutViewController.h */,
				A972DC3F197F5D7700156ED8 /* BFAddWorkoutViewController.m */,
				A9AD3186198FEB9A008A0A32 /* BFCollectionViewCell.h */,
				A9AD3187198FEB9A008A0A32 /* BFCollectionViewCell.m */,
			);
			name = 1.WorkoutsManagement;
			sourceTree = "<group>";
		};
		A9374E6F19897AA100174C5E /* 2.ExercisesManagment */ = {
			isa = PBXGroup;
			children = (
				A972DC32197F2C3000156ED8 /* BFWorkoutViewController.h */,
				A972DC33197F2C3000156ED8 /* BFWorkoutViewController.m */,
				A906453C19A2B08D0085C21A /* BFWorkoutViewControllerCell.h */,
				A906453D19A2B08D0085C21A /* BFWorkoutViewControllerCell.m */,
				A9F83DE419B03A1B00183D56 /* BFWorkoutNoteCell.h */,
				A9F83DE519B03A1B00183D56 /* BFWorkoutNoteCell.m */,
				A972DC6419885BD400156ED8 /* BFScanViewController.h */,
				A972DC6519885BD400156ED8 /* BFScanViewController.m */,
				A9100A6419A3DE910006583F /* BFExerciseListViewController.h */,
				A9100A6519A3DE910006583F /* BFExerciseListViewController.m */,
				A9F83DDE19AFF62B00183D56 /* BFBodyExercisesViewController.h */,
				A9F83DDF19AFF62B00183D56 /* BFBodyExercisesViewController.m */,
				A9F83DE119AFF65A00183D56 /* BFMagicCreatorViewController.h */,
				A9F83DE219AFF65A00183D56 /* BFMagicCreatorViewController.m */,
			);
			name = 2.ExercisesManagment;
			sourceTree = "<group>";
		};
		A9374E7019897AF000174C5E /* 3.SetsManagement */ = {
			isa = PBXGroup;
			children = (
				A972DC30197F2C3000156ED8 /* BFExerciseViewController.h */,
				A972DC31197F2C3000156ED8 /* BFExerciseViewController.m */,
				A901468D1991E1D600D8F2A3 /* BFExerciseViewControllerCell.h */,
				A901468E1991E1D600D8F2A3 /* BFExerciseViewControllerCell.m */,
				A929E5C819A563F7003FC4B5 /* BFExerciseTimerCell.h */,
				A929E5C919A563F7003FC4B5 /* BFExerciseTimerCell.m */,
			);
			name = 3.SetsManagement;
			sourceTree = "<group>";
		};
		A93B25AE19954CB5002189A0 /* Images_sf */ = {
			isa = PBXGroup;
			children = (
				A914445619B1E211004D85F1 /* cancel512.png */,
				A93B25BF19954FB8002189A0 /* BarcodeFitnessIcon120_sf.png */,
				A91A3AEB19BA604C00188307 /* BarcodeFitnessIconRounded.png */,
				A94C981919BA63E9005BC137 /* Buzz_rounded.png */,
				A93B25AF19954FAB002189A0 /* Everyday_sf.png */,
				A93B25B019954FAB002189A0 /* Friday_sf.png */,
				A93B25B119954FAB002189A0 /* Monday_sf.png */,
				A93B25B219954FAB002189A0 /* Saturday_sf.png */,
				A93B25B319954FAB002189A0 /* Sunday_sf.png */,
				A93B25B419954FAB002189A0 /* Thursday_sf.png */,
				A93B25B519954FAB002189A0 /* Tuesday_sf.png */,
				A93B25B619954FAB002189A0 /* Wednesday_sf.png */,
				A93B260819985CB8002189A0 /* AthleteHD_sf.png */,
				A93B261A19998018002189A0 /* AthleteHD_sfR.png */,
				A914446019B27F4F004D85F1 /* Code_sf1HD.png */,
				A914446219B27F56004D85F1 /* Code_sf2HD.png */,
				A914445E19B27F2F004D85F1 /* Code_sf1HDR.png */,
				A914445C19B27F24004D85F1 /* Code_sf2HDR.png */,
				A9E6C30019B675FE00614FE0 /* LogoB.png */,
				A9E6C30119B675FE00614FE0 /* LogoN.png */,
				A9E6C30319B675FE00614FE0 /* LogoOB.png */,
			);
			name = Images_sf;
			sourceTree = "<group>";
		};
		A97293F1197DDB4300495470 = {
			isa = PBXGroup;
			children = (
				A9729403197DDB4300495470 /* BarcodeFitness-iPhone */,
				A9729422197DDB4300495470 /* BarcodeFitness-iPhoneTests */,
				A97293FC197DDB4300495470 /* Frameworks */,
				A97293FB197DDB4300495470 /* Products */,
			);
			sourceTree = "<group>";
		};
		A97293FB197DDB4300495470 /* Products */ = {
			isa = PBXGroup;
			children = (
				A97293FA197DDB4300495470 /* BarcodeFitness-iPhone.app */,
			);
			name = Products;
			sourceTree = "<group>";
		};
		A97293FC197DDB4300495470 /* Frameworks */ = {
			isa = PBXGroup;
			children = (
				A97293FD197DDB4300495470 /* Foundation.framework */,
				A97293FF197DDB4300495470 /* CoreGraphics.framework */,
				A9729401197DDB4300495470 /* UIKit.framework */,
				A972941C197DDB4300495470 /* XCTest.framework */,
			);
			name = Frameworks;
			sourceTree = "<group>";
		};
		A9729403197DDB4300495470 /* BarcodeFitness-iPhone */ = {
			isa = PBXGroup;
			children = (
				A972940C197DDB4300495470 /* BFAppDelegate.h */,
				A972940D197DDB4300495470 /* BFAppDelegate.m */,
				A914445319B15859004D85F1 /* Main.storyboard */,
				A929E5C619A4F13D003FC4B5 /* 0.Home */,
				A9374E6E19897A1A00174C5E /* 1.WorkoutsManagement */,
				A9374E6F19897AA100174C5E /* 2.ExercisesManagment */,
				A9374E7019897AF000174C5E /* 3.SetsManagement */,
				A914445819B1E25A004D85F1 /* Images.xcassets */,
				A972DC4B1981BE2A00156ED8 /* DataModels */,
				A9729404197DDB4300495470 /* Supporting Files */,
			);
			path = "BarcodeFitness-iPhone";
			sourceTree = "<group>";
		};
		A9729404197DDB4300495470 /* Supporting Files */ = {
			isa = PBXGroup;
			children = (
				A90644BF19A29FB00085C21A /* pie */,
				A94FB279199C4FFC006157AC /* UIViewController+BackButtonHandler.h */,
				A94FB27A199C4FFC006157AC /* UIViewController+BackButtonHandler.m */,
				A93B25AE19954CB5002189A0 /* Images_sf */,
				A9729405197DDB4300495470 /* BarcodeFitness-iPhone-Info.plist */,
				A9729406197DDB4300495470 /* InfoPlist.strings */,
				A9729409197DDB4300495470 /* main.m */,
				A972940B197DDB4300495470 /* BarcodeFitness-iPhone-Prefix.pch */,
				A914445A19B23254004D85F1 /* PumpToLoad.mp3 */,
			);
			name = "Supporting Files";
			sourceTree = "<group>";
		};
		A9729422197DDB4300495470 /* BarcodeFitness-iPhoneTests */ = {
			isa = PBXGroup;
			children = (
				A9729428197DDB4300495470 /* BarcodeFitness_iPhoneTests.m */,
				A9729423197DDB4300495470 /* Supporting Files */,
			);
			path = "BarcodeFitness-iPhoneTests";
			sourceTree = "<group>";
		};
		A9729423197DDB4300495470 /* Supporting Files */ = {
			isa = PBXGroup;
			children = (
				A9729424197DDB4300495470 /* BarcodeFitness-iPhoneTests-Info.plist */,
				A9729425197DDB4300495470 /* InfoPlist.strings */,
			);
			name = "Supporting Files";
			sourceTree = "<group>";
		};
		A972DC4B1981BE2A00156ED8 /* DataModels */ = {
			isa = PBXGroup;
			children = (
				A972DC481981BE0800156ED8 /* BFWorkoutList.h */,
				A972DC491981BE0800156ED8 /* BFWorkoutList.m */,
				A972DC3A197F397000156ED8 /* BFWorkout.h */,
				A972DC3B197F397000156ED8 /* BFWorkout.m */,
				A9374E7F198C07F100174C5E /* BFExerciseList.h */,
				A9374E80198C07F100174C5E /* BFExerciseList.m */,
				A972DC4C1981C10800156ED8 /* BFExercise.h */,
				A972DC4D1981C10800156ED8 /* BFExercise.m */,
				A972DC4F1981C12500156ED8 /* BFSet.h */,
				A972DC501981C12500156ED8 /* BFSet.m */,
				A9374E82198C08CE00174C5E /* BFNetworkExercises.h */,
				A9374E83198C08CE00174C5E /* BFNetworkExercises.m */,
				A9374E88198C090800174C5E /* BFUser.h */,
				A9374E89198C090800174C5E /* BFUser.m */,
				A972DC591982C4B100156ED8 /* LogLists */,
			);
			name = DataModels;
			sourceTree = "<group>";
		};
		A972DC591982C4B100156ED8 /* LogLists */ = {
			isa = PBXGroup;
			children = (
				A972DC5A1982C69200156ED8 /* BFLogList.h */,
				A972DC5B1982C69200156ED8 /* BFLogList.m */,
			);
			name = LogLists;
			sourceTree = "<group>";
		};
/* End PBXGroup section */

/* Begin PBXNativeTarget section */
		A97293F9197DDB4300495470 /* BarcodeFitness-iPhone */ = {
			isa = PBXNativeTarget;
			buildConfigurationList = A972942C197DDB4300495470 /* Build configuration list for PBXNativeTarget "BarcodeFitness-iPhone" */;
			buildPhases = (
				A97293F6197DDB4300495470 /* Sources */,
				A97293F7197DDB4300495470 /* Frameworks */,
				A97293F8197DDB4300495470 /* Resources */,
			);
			buildRules = (
			);
			dependencies = (
			);
			name = "BarcodeFitness-iPhone";
			productName = "BarcodeFitness-iPhone";
			productReference = A97293FA197DDB4300495470 /* BarcodeFitness-iPhone.app */;
			productType = "com.apple.product-type.application";
		};
/* End PBXNativeTarget section */

/* Begin PBXProject section */
		A97293F2197DDB4300495470 /* Project object */ = {
			isa = PBXProject;
			attributes = {
				CLASSPREFIX = BF;
				LastUpgradeCheck = 0510;
				ORGANIZATIONNAME = FrienchFriesApps;
			};
			buildConfigurationList = A97293F5197DDB4300495470 /* Build configuration list for PBXProject "BarcodeFitness-iPhone" */;
			compatibilityVersion = "Xcode 3.2";
			developmentRegion = English;
			hasScannedForEncodings = 0;
			knownRegions = (
				en,
				Base,
			);
			mainGroup = A97293F1197DDB4300495470;
			productRefGroup = A97293FB197DDB4300495470 /* Products */;
			projectDirPath = "";
			projectRoot = "";
			targets = (
				A97293F9197DDB4300495470 /* BarcodeFitness-iPhone */,
			);
		};
/* End PBXProject section */

/* Begin PBXResourcesBuildPhase section */
		A97293F8197DDB4300495470 /* Resources */ = {
			isa = PBXResourcesBuildPhase;
			buildActionMask = 2147483647;
			files = (
				A93B25BA19954FAB002189A0 /* Saturday_sf.png in Resources */,
				A906463119A2CCAE0085C21A /* pie53.png in Resources */,
				A906462C19A2CCAE0085C21A /* pie48.png in Resources */,
				A906460519A2CCAE0085C21A /* pie9.png in Resources */,
				A90645FC19A2CCAE0085C21A /* pie0.png in Resources */,
				A906461B19A2CCAE0085C21A /* pie31.png in Resources */,
				A906460A19A2CCAE0085C21A /* pie14.png in Resources */,
				A93B25BC19954FAB002189A0 /* Thursday_sf.png in Resources */,
				A906462719A2CCAE0085C21A /* pie43.png in Resources */,
				A906461019A2CCAE0085C21A /* pie20.png in Resources */,
				A906461219A2CCAE0085C21A /* pie22.png in Resources */,
				A93B25BB19954FAB002189A0 /* Sunday_sf.png in Resources */,
				A94C981A19BA63E9005BC137 /* Buzz_rounded.png in Resources */,
				A914445519B15859004D85F1 /* Main.storyboard in Resources */,
				A906461619A2CCAE0085C21A /* pie26.png in Resources */,
				A91A3AED19BA604C00188307 /* BarcodeFitnessIconRounded.png in Resources */,
				A906462419A2CCAE0085C21A /* pie40.png in Resources */,
				A906463319A2CCAE0085C21A /* pie55.png in Resources */,
				A9729408197DDB4300495470 /* InfoPlist.strings in Resources */,
				A93B25BE19954FAB002189A0 /* Wednesday_sf.png in Resources */,
				A90645FD19A2CCAE0085C21A /* pie1.png in Resources */,
				A93B25B719954FAB002189A0 /* Everyday_sf.png in Resources */,
				A906463219A2CCAE0085C21A /* pie54.png in Resources */,
				A906462619A2CCAE0085C21A /* pie42.png in Resources */,
				A906460819A2CCAE0085C21A /* pie12.png in Resources */,
				A90645FE19A2CCAE0085C21A /* pie2.png in Resources */,
				A906460119A2CCAE0085C21A /* pie5.png in Resources */,
				A906460D19A2CCAE0085C21A /* pie17.png in Resources */,
				A906461819A2CCAE0085C21A /* pie28.png in Resources */,
				A93B25B819954FAB002189A0 /* Friday_sf.png in Resources */,
				A906461C19A2CCAE0085C21A /* pie32.png in Resources */,
				A906462319A2CCAE0085C21A /* pie39.png in Resources */,
				A914445B19B23254004D85F1 /* PumpToLoad.mp3 in Resources */,
				A906461719A2CCAE0085C21A /* pie27.png in Resources */,
				A906461419A2CCAE0085C21A /* pie24.png in Resources */,
				A906463519A2CCAE0085C21A /* pie57.png in Resources */,
				A93B25C019954FB8002189A0 /* BarcodeFitnessIcon120_sf.png in Resources */,
				A906461919A2CCAE0085C21A /* pie29.png in Resources */,
				A906462019A2CCAE0085C21A /* pie36.png in Resources */,
				A906462F19A2CCAE0085C21A /* pie51.png in Resources */,
				A906462B19A2CCAE0085C21A /* pie47.png in Resources */,
				A906462819A2CCAE0085C21A /* pie44.png in Resources */,
				A9E6C30719B675FE00614FE0 /* LogoOB.png in Resources */,
				A906461D19A2CCAE0085C21A /* pie33.png in Resources */,
				A906462A19A2CCAE0085C21A /* pie46.png in Resources */,
				A906463419A2CCAE0085C21A /* pie56.png in Resources */,
				A914445D19B27F24004D85F1 /* Code_sf2HDR.png in Resources */,
				A9E6C30519B675FE00614FE0 /* LogoN.png in Resources */,
				A906460019A2CCAE0085C21A /* pie4.png in Resources */,
				A906460919A2CCAE0085C21A /* pie13.png in Resources */,
				A9E6C30419B675FE00614FE0 /* LogoB.png in Resources */,
				A906463719A2CCAE0085C21A /* pie59.png in Resources */,
				A906462119A2CCAE0085C21A /* pie37.png in Resources */,
				A914446319B27F56004D85F1 /* Code_sf2HD.png in Resources */,
				A914445F19B27F2F004D85F1 /* Code_sf1HDR.png in Resources */,
				A906462E19A2CCAE0085C21A /* pie50.png in Resources */,
				A906461A19A2CCAE0085C21A /* pie30.png in Resources */,
				A906463919A2CCAE0085C21A /* pieV.png in Resources */,
				A906461319A2CCAE0085C21A /* pie23.png in Resources */,
				A906460C19A2CCAE0085C21A /* pie16.png in Resources */,
				A914445719B1E211004D85F1 /* cancel512.png in Resources */,
				A906461E19A2CCAE0085C21A /* pie34.png in Resources */,
				A906460F19A2CCAE0085C21A /* pie19.png in Resources */,
				A906462D19A2CCAE0085C21A /* pie49.png in Resources */,
				A906461119A2CCAE0085C21A /* pie21.png in Resources */,
				A906461519A2CCAE0085C21A /* pie25.png in Resources */,
				A906461F19A2CCAE0085C21A /* pie35.png in Resources */,
				A914446119B27F4F004D85F1 /* Code_sf1HD.png in Resources */,
				A906460B19A2CCAE0085C21A /* pie15.png in Resources */,
				A906460E19A2CCAE0085C21A /* pie18.png in Resources */,
				A906462219A2CCAE0085C21A /* pie38.png in Resources */,
				A906463019A2CCAE0085C21A /* pie52.png in Resources */,
				A9B0E82519A2DA9A0026FF2E /* pie60.png in Resources */,
				A906462919A2CCAE0085C21A /* pie45.png in Resources */,
				A906460319A2CCAE0085C21A /* pie7.png in Resources */,
				A93B25B919954FAB002189A0 /* Monday_sf.png in Resources */,
				A93B25BD19954FAB002189A0 /* Tuesday_sf.png in Resources */,
				A906462519A2CCAE0085C21A /* pie41.png in Resources */,
				A90645FF19A2CCAE0085C21A /* pie3.png in Resources */,
				A906463619A2CCAE0085C21A /* pie58.png in Resources */,
				A906460619A2CCAE0085C21A /* pie10.png in Resources */,
				A906460719A2CCAE0085C21A /* pie11.png in Resources */,
				A906460219A2CCAE0085C21A /* pie6.png in Resources */,
				A906460419A2CCAE0085C21A /* pie8.png in Resources */,
				A93B260919985CB8002189A0 /* AthleteHD_sf.png in Resources */,
				A914445919B1E25A004D85F1 /* Images.xcassets in Resources */,
				A93B261B19998018002189A0 /* AthleteHD_sfR.png in Resources */,
			);
			runOnlyForDeploymentPostprocessing = 0;
		};
/* End PBXResourcesBuildPhase section */

/* Begin PBXSourcesBuildPhase section */
		A97293F6197DDB4300495470 /* Sources */ = {
			isa = PBXSourcesBuildPhase;
			buildActionMask = 2147483647;
			files = (
				A972DC6619885BD400156ED8 /* BFScanViewController.m in Sources */,
				A9729414197DDB4300495470 /* BFWelcomeViewController.m in Sources */,
				A901468F1991E1D600D8F2A3 /* BFExerciseViewControllerCell.m in Sources */,
				A9F83DE619B03A1B00183D56 /* BFWorkoutNoteCell.m in Sources */,
				A972940E197DDB4300495470 /* BFAppDelegate.m in Sources */,
				A972DC34197F2C3000156ED8 /* BFChooseViewController.m in Sources */,
				A9374E84198C08CE00174C5E /* BFNetworkExercises.m in Sources */,
				A972940A197DDB4300495470 /* main.m in Sources */,
				A972DC35197F2C3000156ED8 /* BFExerciseViewController.m in Sources */,
				A972DC511981C12500156ED8 /* BFSet.m in Sources */,
				A9AD3188198FEB9A008A0A32 /* BFCollectionViewCell.m in Sources */,
				A94FB27B199C4FFC006157AC /* UIViewController+BackButtonHandler.m in Sources */,
				A972DC40197F5D7700156ED8 /* BFAddWorkoutViewController.m in Sources */,
				A972DC5C1982C69200156ED8 /* BFLogList.m in Sources */,
				A929E5C319A3FCAD003FC4B5 /* BFWebViewController.m in Sources */,
				A9F83DE319AFF65A00183D56 /* BFMagicCreatorViewController.m in Sources */,
				A972DC4E1981C10800156ED8 /* BFExercise.m in Sources */,
				A972DC4A1981BE0800156ED8 /* BFWorkoutList.m in Sources */,
				A9F83DE019AFF62B00183D56 /* BFBodyExercisesViewController.m in Sources */,
				A9100A6319A3CE420006583F /* BFMoreViewController.m in Sources */,
				A9AD31A4199006AA008A0A32 /* BFChooseViewControllerCell.m in Sources */,
				A9374E81198C07F100174C5E /* BFExerciseList.m in Sources */,
				A972DC3C197F397000156ED8 /* BFWorkout.m in Sources */,
				A929E5CA19A563F7003FC4B5 /* BFExerciseTimerCell.m in Sources */,
				A9374E8A198C090800174C5E /* BFUser.m in Sources */,
				A972DC36197F2C3000156ED8 /* BFWorkoutViewController.m in Sources */,
				A9100A6619A3DE910006583F /* BFExerciseListViewController.m in Sources */,
				A906453E19A2B08D0085C21A /* BFWorkoutViewControllerCell.m in Sources */,
			);
			runOnlyForDeploymentPostprocessing = 0;
		};
/* End PBXSourcesBuildPhase section */

/* Begin PBXVariantGroup section */
		A914445319B15859004D85F1 /* Main.storyboard */ = {
			isa = PBXVariantGroup;
			children = (
				A914445419B15859004D85F1 /* Base */,
			);
			name = Main.storyboard;
			sourceTree = "<group>";
		};
		A9729406197DDB4300495470 /* InfoPlist.strings */ = {
			isa = PBXVariantGroup;
			children = (
				A9729407197DDB4300495470 /* en */,
			);
			name = InfoPlist.strings;
			sourceTree = "<group>";
		};
		A9729425197DDB4300495470 /* InfoPlist.strings */ = {
			isa = PBXVariantGroup;
			children = (
				A9729426197DDB4300495470 /* en */,
			);
			name = InfoPlist.strings;
			sourceTree = "<group>";
		};
/* End PBXVariantGroup section */

/* Begin XCBuildConfiguration section */
		A972942A197DDB4300495470 /* Debug */ = {
			isa = XCBuildConfiguration;
			buildSettings = {
				ALWAYS_SEARCH_USER_PATHS = NO;
				CLANG_CXX_LANGUAGE_STANDARD = "gnu++0x";
				CLANG_CXX_LIBRARY = "libc++";
				CLANG_ENABLE_MODULES = YES;
				CLANG_ENABLE_OBJC_ARC = YES;
				CLANG_WARN_BOOL_CONVERSION = YES;
				CLANG_WARN_CONSTANT_CONVERSION = YES;
				CLANG_WARN_DIRECT_OBJC_ISA_USAGE = YES_ERROR;
				CLANG_WARN_EMPTY_BODY = YES;
				CLANG_WARN_ENUM_CONVERSION = YES;
				CLANG_WARN_INT_CONVERSION = YES;
				CLANG_WARN_OBJC_ROOT_CLASS = YES_ERROR;
				CLANG_WARN__DUPLICATE_METHOD_MATCH = YES;
				"CODE_SIGN_IDENTITY[sdk=iphoneos*]" = "iPhone Developer";
				COPY_PHASE_STRIP = NO;
				GCC_C_LANGUAGE_STANDARD = gnu99;
				GCC_DYNAMIC_NO_PIC = NO;
				GCC_OPTIMIZATION_LEVEL = 0;
				GCC_PREPROCESSOR_DEFINITIONS = (
					"DEBUG=1",
					"$(inherited)",
				);
				GCC_SYMBOLS_PRIVATE_EXTERN = NO;
				GCC_WARN_64_TO_32_BIT_CONVERSION = YES;
				GCC_WARN_ABOUT_RETURN_TYPE = YES_ERROR;
				GCC_WARN_UNDECLARED_SELECTOR = YES;
				GCC_WARN_UNINITIALIZED_AUTOS = YES_AGGRESSIVE;
				GCC_WARN_UNUSED_FUNCTION = YES;
				GCC_WARN_UNUSED_VARIABLE = YES;
				IPHONEOS_DEPLOYMENT_TARGET = 7.1;
				ONLY_ACTIVE_ARCH = YES;
				SDKROOT = iphoneos;
			};
			name = Debug;
		};
		A972942B197DDB4300495470 /* Release */ = {
			isa = XCBuildConfiguration;
			buildSettings = {
				ALWAYS_SEARCH_USER_PATHS = NO;
				CLANG_CXX_LANGUAGE_STANDARD = "gnu++0x";
				CLANG_CXX_LIBRARY = "libc++";
				CLANG_ENABLE_MODULES = YES;
				CLANG_ENABLE_OBJC_ARC = YES;
				CLANG_WARN_BOOL_CONVERSION = YES;
				CLANG_WARN_CONSTANT_CONVERSION = YES;
				CLANG_WARN_DIRECT_OBJC_ISA_USAGE = YES_ERROR;
				CLANG_WARN_EMPTY_BODY = YES;
				CLANG_WARN_ENUM_CONVERSION = YES;
				CLANG_WARN_INT_CONVERSION = YES;
				CLANG_WARN_OBJC_ROOT_CLASS = YES_ERROR;
				CLANG_WARN__DUPLICATE_METHOD_MATCH = YES;
				"CODE_SIGN_IDENTITY[sdk=iphoneos*]" = "iPhone Developer";
				COPY_PHASE_STRIP = YES;
				ENABLE_NS_ASSERTIONS = NO;
				GCC_C_LANGUAGE_STANDARD = gnu99;
				GCC_WARN_64_TO_32_BIT_CONVERSION = YES;
				GCC_WARN_ABOUT_RETURN_TYPE = YES_ERROR;
				GCC_WARN_UNDECLARED_SELECTOR = YES;
				GCC_WARN_UNINITIALIZED_AUTOS = YES_AGGRESSIVE;
				GCC_WARN_UNUSED_FUNCTION = YES;
				GCC_WARN_UNUSED_VARIABLE = YES;
				IPHONEOS_DEPLOYMENT_TARGET = 7.1;
				SDKROOT = iphoneos;
				VALIDATE_PRODUCT = YES;
			};
			name = Release;
		};
		A972942D197DDB4300495470 /* Debug */ = {
			isa = XCBuildConfiguration;
			buildSettings = {
				ASSETCATALOG_COMPILER_APPICON_NAME = AppIcon;
				ASSETCATALOG_COMPILER_LAUNCHIMAGE_NAME = LaunchImage;
				GCC_PRECOMPILE_PREFIX_HEADER = YES;
				GCC_PREFIX_HEADER = "BarcodeFitness-iPhone/BarcodeFitness-iPhone-Prefix.pch";
				INFOPLIST_FILE = "BarcodeFitness-iPhone/BarcodeFitness-iPhone-Info.plist";
				PRODUCT_NAME = "$(TARGET_NAME)";
				WRAPPER_EXTENSION = app;
			};
			name = Debug;
		};
		A972942E197DDB4300495470 /* Release */ = {
			isa = XCBuildConfiguration;
			buildSettings = {
				ASSETCATALOG_COMPILER_APPICON_NAME = AppIcon;
				ASSETCATALOG_COMPILER_LAUNCHIMAGE_NAME = LaunchImage;
				GCC_PRECOMPILE_PREFIX_HEADER = YES;
				GCC_PREFIX_HEADER = "BarcodeFitness-iPhone/BarcodeFitness-iPhone-Prefix.pch";
				INFOPLIST_FILE = "BarcodeFitness-iPhone/BarcodeFitness-iPhone-Info.plist";
				PRODUCT_NAME = "$(TARGET_NAME)";
				WRAPPER_EXTENSION = app;
			};
			name = Release;
		};
/* End XCBuildConfiguration section */

/* Begin XCConfigurationList section */
		A97293F5197DDB4300495470 /* Build configuration list for PBXProject "BarcodeFitness-iPhone" */ = {
			isa = XCConfigurationList;
			buildConfigurations = (
				A972942A197DDB4300495470 /* Debug */,
				A972942B197DDB4300495470 /* Release */,
			);
			defaultConfigurationIsVisible = 0;
			defaultConfigurationName = Release;
		};
		A972942C197DDB4300495470 /* Build configuration list for PBXNativeTarget "BarcodeFitness-iPhone" */ = {
			isa = XCConfigurationList;
			buildConfigurations = (
				A972942D197DDB4300495470 /* Debug */,
				A972942E197DDB4300495470 /* Release */,
			);
			defaultConfigurationIsVisible = 0;
			defaultConfigurationName = Release;
		};
/* End XCConfigurationList section */
	};
	rootObject = A97293F2197DDB4300495470 /* Project object */;
}
